
Microsoft Visual Studio Solution File, Format Version 12.00
# Visual Studio Version 16
VisualStudioVersion = 16.0.29230.47
MinimumVisualStudioVersion = 10.0.40219.1
Project("{FAE04EC0-301F-11D3-BF4B-00C04F79EFBC}") = "ActiveDesktop", "ActiveDesktop\ActiveDesktop.csproj", "{B51E0A72-E7FD-4CD3-AF12-9D78703574E1}"
EndProject
Project("{2150E333-8FDC-42A3-9474-1A3956D46DE8}") = "Solution Items", "Solution Items", "{F4FC857A-57C6-40EC-8DFF-9289E0A15432}"
	ProjectSection(SolutionItems) = preProject
		.editorconfig = .editorconfig
	EndProjectSection
EndProject
Project("{C7167F0D-BC9F-4E6E-AFE1-012C56B48DB5}") = "PackagingProject", "PackagingProject\PackagingProject.wapproj", "{27B0D75C-5609-446B-AD4F-E653E77CD717}"
EndProject
Global
	GlobalSection(SolutionConfigurationPlatforms) = preSolution
		Debug|Any CPU = Debug|Any CPU
		Debug|ARM = Debug|ARM
		Debug|ARM64 = Debug|ARM64
		Debug|x64 = Debug|x64
		Debug|x86 = Debug|x86
		Release|Any CPU = Release|Any CPU
		Release|ARM = Release|ARM
		Release|ARM64 = Release|ARM64
		Release|x64 = Release|x64
		Release|x86 = Release|x86
	EndGlobalSection
	GlobalSection(ProjectConfigurationPlatforms) = postSolution
		{B51E0A72-E7FD-4CD3-AF12-9D78703574E1}.Debug|Any CPU.ActiveCfg = Debug|Any CPU
		{B51E0A72-E7FD-4CD3-AF12-9D78703574E1}.Debug|Any CPU.Build.0 = Debug|Any CPU
		{B51E0A72-E7FD-4CD3-AF12-9D78703574E1}.Debug|ARM.ActiveCfg = Debug|Any CPU
		{B51E0A72-E7FD-4CD3-AF12-9D78703574E1}.Debug|ARM.Build.0 = Debug|Any CPU
		{B51E0A72-E7FD-4CD3-AF12-9D78703574E1}.Debug|ARM64.ActiveCfg = Debug|Any CPU
		{B51E0A72-E7FD-4CD3-AF12-9D78703574E1}.Debug|ARM64.Build.0 = Debug|Any CPU
		{B51E0A72-E7FD-4CD3-AF12-9D78703574E1}.Debug|x64.ActiveCfg = Debug|x64
		{B51E0A72-E7FD-4CD3-AF12-9D78703574E1}.Debug|x64.Build.0 = Debug|x64
		{B51E0A72-E7FD-4CD3-AF12-9D78703574E1}.Debug|x86.ActiveCfg = Debug|Any CPU
		{B51E0A72-E7FD-4CD3-AF12-9D78703574E1}.Debug|x86.Build.0 = Debug|Any CPU
		{B51E0A72-E7FD-4CD3-AF12-9D78703574E1}.Release|Any CPU.ActiveCfg = Release|Any CPU
		{B51E0A72-E7FD-4CD3-AF12-9D78703574E1}.Release|Any CPU.Build.0 = Release|Any CPU
		{B51E0A72-E7FD-4CD3-AF12-9D78703574E1}.Release|ARM.ActiveCfg = Release|Any CPU
		{B51E0A72-E7FD-4CD3-AF12-9D78703574E1}.Release|ARM.Build.0 = Release|Any CPU
		{B51E0A72-E7FD-4CD3-AF12-9D78703574E1}.Release|ARM64.ActiveCfg = Release|Any CPU
		{B51E0A72-E7FD-4CD3-AF12-9D78703574E1}.Release|ARM64.Build.0 = Release|Any CPU
		{B51E0A72-E7FD-4CD3-AF12-9D78703574E1}.Release|x64.ActiveCfg = Release|x64
		{B51E0A72-E7FD-4CD3-AF12-9D78703574E1}.Release|x64.Build.0 = Release|x64
		{B51E0A72-E7FD-4CD3-AF12-9D78703574E1}.Release|x86.ActiveCfg = Release|Any CPU
		{B51E0A72-E7FD-4CD3-AF12-9D78703574E1}.Release|x86.Build.0 = Release|Any CPU
		{27B0D75C-5609-446B-AD4F-E653E77CD717}.Debug|Any CPU.ActiveCfg = Debug|Any CPU
		{27B0D75C-5609-446B-AD4F-E653E77CD717}.Debug|Any CPU.Build.0 = Debug|Any CPU
		{27B0D75C-5609-446B-AD4F-E653E77CD717}.Debug|Any CPU.Deploy.0 = Debug|Any CPU
		{27B0D75C-5609-446B-AD4F-E653E77CD717}.Debug|ARM.ActiveCfg = Debug|ARM
		{27B0D75C-5609-446B-AD4F-E653E77CD717}.Debug|ARM.Build.0 = Debug|ARM
		{27B0D75C-5609-446B-AD4F-E653E77CD717}.Debug|ARM.Deploy.0 = Debug|ARM
		{27B0D75C-5609-446B-AD4F-E653E77CD717}.Debug|ARM64.ActiveCfg = Debug|ARM64
		{27B0D75C-5609-446B-AD4F-E653E77CD717}.Debug|ARM64.Build.0 = Debug|ARM64
		{27B0D75C-5609-446B-AD4F-E653E77CD717}.Debug|ARM64.Deploy.0 = Debug|ARM64
		{27B0D75C-5609-446B-AD4F-E653E77CD717}.Debug|x64.ActiveCfg = Debug|x64
		{27B0D75C-5609-446B-AD4F-E653E77CD717}.Debug|x64.Build.0 = Debug|x64
		{27B0D75C-5609-446B-AD4F-E653E77CD717}.Debug|x64.Deploy.0 = Debug|x64
		{27B0D75C-5609-446B-AD4F-E653E77CD717}.Debug|x86.ActiveCfg = Debug|x86
		{27B0D75C-5609-446B-AD4F-E653E77CD717}.Debug|x86.Build.0 = Debug|x86
		{27B0D75C-5609-446B-AD4F-E653E77CD717}.Debug|x86.Deploy.0 = Debug|x86
		{27B0D75C-5609-446B-AD4F-E653E77CD717}.Release|Any CPU.ActiveCfg = Release|Any CPU
		{27B0D75C-5609-446B-AD4F-E653E77CD717}.Release|Any CPU.Build.0 = Release|Any CPU
		{27B0D75C-5609-446B-AD4F-E653E77CD717}.Release|Any CPU.Deploy.0 = Release|Any CPU
		{27B0D75C-5609-446B-AD4F-E653E77CD717}.Release|ARM.ActiveCfg = Release|ARM
		{27B0D75C-5609-446B-AD4F-E653E77CD717}.Release|ARM.Build.0 = Release|ARM
		{27B0D75C-5609-446B-AD4F-E653E77CD717}.Release|ARM.Deploy.0 = Release|ARM
		{27B0D75C-5609-446B-AD4F-E653E77CD717}.Release|ARM64.ActiveCfg = Release|ARM64
		{27B0D75C-5609-446B-AD4F-E653E77CD717}.Release|ARM64.Build.0 = Release|ARM64
		{27B0D75C-5609-446B-AD4F-E653E77CD717}.Release|ARM64.Deploy.0 = Release|ARM64
		{27B0D75C-5609-446B-AD4F-E653E77CD717}.Release|x64.ActiveCfg = Release|x64
		{27B0D75C-5609-446B-AD4F-E653E77CD717}.Release|x64.Build.0 = Release|x64
		{27B0D75C-5609-446B-AD4F-E653E77CD717}.Release|x64.Deploy.0 = Release|x64
		{27B0D75C-5609-446B-AD4F-E653E77CD717}.Release|x86.ActiveCfg = Release|x86
		{27B0D75C-5609-446B-AD4F-E653E77CD717}.Release|x86.Build.0 = Release|x86
		{27B0D75C-5609-446B-AD4F-E653E77CD717}.Release|x86.Deploy.0 = Release|x86
	EndGlobalSection
	GlobalSection(SolutionProperties) = preSolution
		HideSolutionNode = FALSE
	EndGlobalSection
	GlobalSection(ExtensibilityGlobals) = postSolution
		SolutionGuid = {C7500B2D-20FF-49F2-B80D-08CA8F4CF335}
	EndGlobalSection
EndGlobal
