
Microsoft Visual Studio Solution File, Format Version 12.00
# Visual Studio Version 16
VisualStudioVersion = 16.0.29230.47
MinimumVisualStudioVersion = 10.0.40219.1
Project("{FAE04EC0-301F-11D3-BF4B-00C04F79EFBC}") = "ActiveDesktop", "ActiveDesktop\ActiveDesktop.csproj", "{B51E0A72-E7FD-4CD3-AF12-9D78703574E1}"
EndProject
Global
	GlobalSection(SolutionConfigurationPlatforms) = preSolution
		Debug|Any CPU = Debug|Any CPU
		Debug|x64 = Debug|x64
		Release|Any CPU = Release|Any CPU
		Release|x64 = Release|x64
	EndGlobalSection
	GlobalSection(ProjectConfigurationPlatforms) = postSolution
		{B51E0A72-E7FD-4CD3-AF12-9D78703574E1}.Debug|Any CPU.ActiveCfg = Debug|Any CPU
		{B51E0A72-E7FD-4CD3-AF12-9D78703574E1}.Debug|Any CPU.Build.0 = Debug|Any CPU
		{B51E0A72-E7FD-4CD3-AF12-9D78703574E1}.Debug|x64.ActiveCfg = Debug|x64
		{B51E0A72-E7FD-4CD3-AF12-9D78703574E1}.Debug|x64.Build.0 = Debug|x64
		{B51E0A72-E7FD-4CD3-AF12-9D78703574E1}.Release|Any CPU.ActiveCfg = Release|Any CPU
		{B51E0A72-E7FD-4CD3-AF12-9D78703574E1}.Release|Any CPU.Build.0 = Release|Any CPU
		{B51E0A72-E7FD-4CD3-AF12-9D78703574E1}.Release|x64.ActiveCfg = Release|x64
		{B51E0A72-E7FD-4CD3-AF12-9D78703574E1}.Release|x64.Build.0 = Release|x64
	EndGlobalSection
	GlobalSection(SolutionProperties) = preSolution
		HideSolutionNode = FALSE
	EndGlobalSection
	GlobalSection(ExtensibilityGlobals) = postSolution
		SolutionGuid = {C7500B2D-20FF-49F2-B80D-08CA8F4CF335}
	EndGlobalSection
EndGlobal
